{
  "name": "automacao-wiremock",
  "version": "1.0.0",
  "lockfileVersion": 1,
  "requires": true,
  "dependencies": {
    "camusjs": {
      "version": "2.0.0",
      "resolved": "https://registry.npmjs.org/camusjs/-/camusjs-2.0.0.tgz",
      "integrity": "sha1-p0An5M1KzSJ3QpU+FKt3STNSA0U=",
      "requires": {
        "chance": "1.0.10"
      }
    },
    "chance": {
      "version": "1.0.10",
      "resolved": "https://registry.npmjs.org/chance/-/chance-1.0.10.tgz",
      "integrity": "sha1-A1ALBK2U53jdKJGwnsc6ath7GZY="
    }
  }
}
